// !$*UTF8*$!
{
	archiveVersion = 1;
	classes = {
	};
	objectVersion = 46;
	objects = {

/* Begin PBXBuildFile section */
		8311E0691944FE9A006DFFC9 /* Player.swift in Sources */ = {isa = PBXBuildFile; fileRef = 8311E0681944FE9A006DFFC9 /* Player.swift */; };
		8311E06B1944FFFC006DFFC9 /* ShipWeapon.swift in Sources */ = {isa = PBXBuildFile; fileRef = 8311E06A1944FFFC006DFFC9 /* ShipWeapon.swift */; };
		8311E06D19450D2D006DFFC9 /* Projectile.swift in Sources */ = {isa = PBXBuildFile; fileRef = 8311E06C19450D2D006DFFC9 /* Projectile.swift */; };
		8311E06F19452B66006DFFC9 /* Background.swift in Sources */ = {isa = PBXBuildFile; fileRef = 8311E06E19452B66006DFFC9 /* Background.swift */; };
		8311E07119453C23006DFFC9 /* Helpers.swift in Sources */ = {isa = PBXBuildFile; fileRef = 8311E07019453C23006DFFC9 /* Helpers.swift */; };
		832767B81944DD8D0028F888 /* AppDelegate.swift in Sources */ = {isa = PBXBuildFile; fileRef = 832767B71944DD8D0028F888 /* AppDelegate.swift */; };
		832767BA1944DD8D0028F888 /* GameScene.sks in Resources */ = {isa = PBXBuildFile; fileRef = 832767B91944DD8D0028F888 /* GameScene.sks */; };
		832767BC1944DD8D0028F888 /* GameScene.swift in Sources */ = {isa = PBXBuildFile; fileRef = 832767BB1944DD8D0028F888 /* GameScene.swift */; };
		832767BE1944DD8D0028F888 /* GameViewController.swift in Sources */ = {isa = PBXBuildFile; fileRef = 832767BD1944DD8D0028F888 /* GameViewController.swift */; };
		832767C11944DD8D0028F888 /* Main.storyboard in Resources */ = {isa = PBXBuildFile; fileRef = 832767BF1944DD8D0028F888 /* Main.storyboard */; };
		832767C31944DD8D0028F888 /* Images.xcassets in Resources */ = {isa = PBXBuildFile; fileRef = 832767C21944DD8D0028F888 /* Images.xcassets */; };
		832767CF1944DD8D0028F888 /* SwiftSKTestTests.swift in Sources */ = {isa = PBXBuildFile; fileRef = 832767CE1944DD8D0028F888 /* SwiftSKTestTests.swift */; };
		C1C4FE611945E57400A58514 /* CoreData.framework in Frameworks */ = {isa = PBXBuildFile; fileRef = C1C4FE601945E57400A58514 /* CoreData.framework */; settings = {ATTRIBUTES = (Required, ); }; };
		C1C4FE631945E58700A58514 /* SystemConfiguration.framework in Frameworks */ = {isa = PBXBuildFile; fileRef = C1C4FE621945E58700A58514 /* SystemConfiguration.framework */; };
		C1C4FE651945E59000A58514 /* MediaPlayer.framework in Frameworks */ = {isa = PBXBuildFile; fileRef = C1C4FE641945E59000A58514 /* MediaPlayer.framework */; };
		C1C4FE671945E5A000A58514 /* StoreKit.framework in Frameworks */ = {isa = PBXBuildFile; fileRef = C1C4FE661945E5A000A58514 /* StoreKit.framework */; };
		C1C4FE691945E5A600A58514 /* AdSupport.framework in Frameworks */ = {isa = PBXBuildFile; fileRef = C1C4FE681945E5A600A58514 /* AdSupport.framework */; };
		C1C4FE6C1945E5AF00A58514 /* EventKit.framework in Frameworks */ = {isa = PBXBuildFile; fileRef = C1C4FE6A1945E5AF00A58514 /* EventKit.framework */; };
		C1C4FE6D1945E5AF00A58514 /* EventKitUI.framework in Frameworks */ = {isa = PBXBuildFile; fileRef = C1C4FE6B1945E5AF00A58514 /* EventKitUI.framework */; };
		C1C4FE6F1945E5B500A58514 /* CoreLocation.framework in Frameworks */ = {isa = PBXBuildFile; fileRef = C1C4FE6E1945E5B500A58514 /* CoreLocation.framework */; settings = {ATTRIBUTES = (Weak, ); }; };
		C1C4FE711945E7B000A58514 /* Foundation.framework in Frameworks */ = {isa = PBXBuildFile; fileRef = C1C4FE701945E7B000A58514 /* Foundation.framework */; };
		C1C4FE731945E7D900A58514 /* AVFoundation.framework in Frameworks */ = {isa = PBXBuildFile; fileRef = C1C4FE721945E7D900A58514 /* AVFoundation.framework */; };
		C1FDF652194756240031A0A3 /* SMAlertViewCustomAchievement.swift in Sources */ = {isa = PBXBuildFile; fileRef = C1FDF651194756240031A0A3 /* SMAlertViewCustomAchievement.swift */; };
		E17FB6E419BF368700914D13 /* btnSessionM.png in Resources */ = {isa = PBXBuildFile; fileRef = E17FB6DE19BF368700914D13 /* btnSessionM.png */; };
		E17FB6E519BF368700914D13 /* btnSessionM_lg.png in Resources */ = {isa = PBXBuildFile; fileRef = E17FB6DF19BF368700914D13 /* btnSessionM_lg.png */; };
		E17FB6E619BF368700914D13 /* GiftBox_20x20.png in Resources */ = {isa = PBXBuildFile; fileRef = E17FB6E019BF368700914D13 /* GiftBox_20x20.png */; };
		E17FB6E719BF368700914D13 /* M_Logo_20x20.png in Resources */ = {isa = PBXBuildFile; fileRef = E17FB6E119BF368700914D13 /* M_Logo_20x20.png */; };
		E17FB6E819BF368700914D13 /* Trophy_20x20.png in Resources */ = {isa = PBXBuildFile; fileRef = E17FB6E219BF368700914D13 /* Trophy_20x20.png */; };
		E17FB6E919BF368700914D13 /* libSessionM.1.11.7.a in Frameworks */ = {isa = PBXBuildFile; fileRef = E17FB6E319BF368700914D13 /* libSessionM.1.11.7.a */; };
/* End PBXBuildFile section */

/* Begin PBXContainerItemProxy section */
		832767C91944DD8D0028F888 /* PBXContainerItemProxy */ = {
			isa = PBXContainerItemProxy;
			containerPortal = 832767AA1944DD8D0028F888 /* Project object */;
			proxyType = 1;
			remoteGlobalIDString = 832767B11944DD8D0028F888;
			remoteInfo = SwiftSKTest;
		};
/* End PBXContainerItemProxy section */

/* Begin PBXFileReference section */
		8311E0681944FE9A006DFFC9 /* Player.swift */ = {isa = PBXFileReference; fileEncoding = 4; lastKnownFileType = sourcecode.swift; path = Player.swift; sourceTree = "<group>"; };
		8311E06A1944FFFC006DFFC9 /* ShipWeapon.swift */ = {isa = PBXFileReference; fileEncoding = 4; lastKnownFileType = sourcecode.swift; path = ShipWeapon.swift; sourceTree = "<group>"; };
		8311E06C19450D2D006DFFC9 /* Projectile.swift */ = {isa = PBXFileReference; fileEncoding = 4; lastKnownFileType = sourcecode.swift; path = Projectile.swift; sourceTree = "<group>"; };
		8311E06E19452B66006DFFC9 /* Background.swift */ = {isa = PBXFileReference; fileEncoding = 4; lastKnownFileType = sourcecode.swift; path = Background.swift; sourceTree = "<group>"; };
		8311E07019453C23006DFFC9 /* Helpers.swift */ = {isa = PBXFileReference; fileEncoding = 4; lastKnownFileType = sourcecode.swift; path = Helpers.swift; sourceTree = "<group>"; };
		832767B21944DD8D0028F888 /* SwiftSKTest.app */ = {isa = PBXFileReference; explicitFileType = wrapper.application; includeInIndex = 0; path = SwiftSKTest.app; sourceTree = BUILT_PRODUCTS_DIR; };
		832767B61944DD8D0028F888 /* Info.plist */ = {isa = PBXFileReference; lastKnownFileType = text.plist.xml; path = Info.plist; sourceTree = "<group>"; };
		832767B71944DD8D0028F888 /* AppDelegate.swift */ = {isa = PBXFileReference; lastKnownFileType = sourcecode.swift; path = AppDelegate.swift; sourceTree = "<group>"; };
		832767B91944DD8D0028F888 /* GameScene.sks */ = {isa = PBXFileReference; lastKnownFileType = file.sks; path = GameScene.sks; sourceTree = "<group>"; };
		832767BB1944DD8D0028F888 /* GameScene.swift */ = {isa = PBXFileReference; lastKnownFileType = sourcecode.swift; path = GameScene.swift; sourceTree = "<group>"; };
		832767BD1944DD8D0028F888 /* GameViewController.swift */ = {isa = PBXFileReference; lastKnownFileType = sourcecode.swift; path = GameViewController.swift; sourceTree = "<group>"; };
		832767C01944DD8D0028F888 /* Base */ = {isa = PBXFileReference; lastKnownFileType = file.storyboard; name = Base; path = Base.lproj/Main.storyboard; sourceTree = "<group>"; };
		832767C21944DD8D0028F888 /* Images.xcassets */ = {isa = PBXFileReference; lastKnownFileType = folder.assetcatalog; path = Images.xcassets; sourceTree = "<group>"; };
		832767C81944DD8D0028F888 /* SwiftSKTestTests.xctest */ = {isa = PBXFileReference; explicitFileType = wrapper.cfbundle; includeInIndex = 0; path = SwiftSKTestTests.xctest; sourceTree = BUILT_PRODUCTS_DIR; };
		832767CD1944DD8D0028F888 /* Info.plist */ = {isa = PBXFileReference; lastKnownFileType = text.plist.xml; path = Info.plist; sourceTree = "<group>"; };
		832767CE1944DD8D0028F888 /* SwiftSKTestTests.swift */ = {isa = PBXFileReference; lastKnownFileType = sourcecode.swift; path = SwiftSKTestTests.swift; sourceTree = "<group>"; };
		C1C4FE5D1945DBE500A58514 /* SwiftSKTest-Bridging-Header.h */ = {isa = PBXFileReference; lastKnownFileType = sourcecode.c.h; path = "SwiftSKTest-Bridging-Header.h"; sourceTree = "<group>"; };
		C1C4FE601945E57400A58514 /* CoreData.framework */ = {isa = PBXFileReference; lastKnownFileType = wrapper.framework; name = CoreData.framework; path = System/Library/Frameworks/CoreData.framework; sourceTree = SDKROOT; };
		C1C4FE621945E58700A58514 /* SystemConfiguration.framework */ = {isa = PBXFileReference; lastKnownFileType = wrapper.framework; name = SystemConfiguration.framework; path = System/Library/Frameworks/SystemConfiguration.framework; sourceTree = SDKROOT; };
		C1C4FE641945E59000A58514 /* MediaPlayer.framework */ = {isa = PBXFileReference; lastKnownFileType = wrapper.framework; name = MediaPlayer.framework; path = System/Library/Frameworks/MediaPlayer.framework; sourceTree = SDKROOT; };
		C1C4FE661945E5A000A58514 /* StoreKit.framework */ = {isa = PBXFileReference; lastKnownFileType = wrapper.framework; name = StoreKit.framework; path = System/Library/Frameworks/StoreKit.framework; sourceTree = SDKROOT; };
		C1C4FE681945E5A600A58514 /* AdSupport.framework */ = {isa = PBXFileReference; lastKnownFileType = wrapper.framework; name = AdSupport.framework; path = System/Library/Frameworks/AdSupport.framework; sourceTree = SDKROOT; };
		C1C4FE6A1945E5AF00A58514 /* EventKit.framework */ = {isa = PBXFileReference; lastKnownFileType = wrapper.framework; name = EventKit.framework; path = System/Library/Frameworks/EventKit.framework; sourceTree = SDKROOT; };
		C1C4FE6B1945E5AF00A58514 /* EventKitUI.framework */ = {isa = PBXFileReference; lastKnownFileType = wrapper.framework; name = EventKitUI.framework; path = System/Library/Frameworks/EventKitUI.framework; sourceTree = SDKROOT; };
		C1C4FE6E1945E5B500A58514 /* CoreLocation.framework */ = {isa = PBXFileReference; lastKnownFileType = wrapper.framework; name = CoreLocation.framework; path = System/Library/Frameworks/CoreLocation.framework; sourceTree = SDKROOT; };
		C1C4FE701945E7B000A58514 /* Foundation.framework */ = {isa = PBXFileReference; lastKnownFileType = wrapper.framework; name = Foundation.framework; path = System/Library/Frameworks/Foundation.framework; sourceTree = SDKROOT; };
		C1C4FE721945E7D900A58514 /* AVFoundation.framework */ = {isa = PBXFileReference; lastKnownFileType = wrapper.framework; name = AVFoundation.framework; path = System/Library/Frameworks/AVFoundation.framework; sourceTree = SDKROOT; };
		C1FDF651194756240031A0A3 /* SMAlertViewCustomAchievement.swift */ = {isa = PBXFileReference; fileEncoding = 4; lastKnownFileType = sourcecode.swift; path = SMAlertViewCustomAchievement.swift; sourceTree = "<group>"; };
		E17FB6D819BF368700914D13 /* SessionM.h */ = {isa = PBXFileReference; fileEncoding = 4; lastKnownFileType = sourcecode.c.h; path = SessionM.h; sourceTree = "<group>"; };
		E17FB6D919BF368700914D13 /* SMAchievementData.h */ = {isa = PBXFileReference; fileEncoding = 4; lastKnownFileType = sourcecode.c.h; path = SMAchievementData.h; sourceTree = "<group>"; };
		E17FB6DA19BF368700914D13 /* SMActivityViewController.h */ = {isa = PBXFileReference; fileEncoding = 4; lastKnownFileType = sourcecode.c.h; path = SMActivityViewController.h; sourceTree = "<group>"; };
		E17FB6DB19BF368700914D13 /* SMPortalBarButtonItem.h */ = {isa = PBXFileReference; fileEncoding = 4; lastKnownFileType = sourcecode.c.h; path = SMPortalBarButtonItem.h; sourceTree = "<group>"; };
		E17FB6DC19BF368700914D13 /* SMPortalButton.h */ = {isa = PBXFileReference; fileEncoding = 4; lastKnownFileType = sourcecode.c.h; path = SMPortalButton.h; sourceTree = "<group>"; };
		E17FB6DE19BF368700914D13 /* btnSessionM.png */ = {isa = PBXFileReference; lastKnownFileType = image.png; path = btnSessionM.png; sourceTree = "<group>"; };
		E17FB6DF19BF368700914D13 /* btnSessionM_lg.png */ = {isa = PBXFileReference; lastKnownFileType = image.png; path = btnSessionM_lg.png; sourceTree = "<group>"; };
		E17FB6E019BF368700914D13 /* GiftBox_20x20.png */ = {isa = PBXFileReference; lastKnownFileType = image.png; path = GiftBox_20x20.png; sourceTree = "<group>"; };
		E17FB6E119BF368700914D13 /* M_Logo_20x20.png */ = {isa = PBXFileReference; lastKnownFileType = image.png; path = M_Logo_20x20.png; sourceTree = "<group>"; };
		E17FB6E219BF368700914D13 /* Trophy_20x20.png */ = {isa = PBXFileReference; lastKnownFileType = image.png; path = Trophy_20x20.png; sourceTree = "<group>"; };
		E17FB6E319BF368700914D13 /* libSessionM.1.11.7.a */ = {isa = PBXFileReference; lastKnownFileType = archive.ar; path = libSessionM.1.11.7.a; sourceTree = "<group>"; };
/* End PBXFileReference section */

/* Begin PBXFrameworksBuildPhase section */
		832767AF1944DD8D0028F888 /* Frameworks */ = {
			isa = PBXFrameworksBuildPhase;
			buildActionMask = 2147483647;
			files = (
				E17FB6E919BF368700914D13 /* libSessionM.1.11.7.a in Frameworks */,
			);
			runOnlyForDeploymentPostprocessing = 0;
		};
		832767C51944DD8D0028F888 /* Frameworks */ = {
			isa = PBXFrameworksBuildPhase;
			buildActionMask = 2147483647;
			files = (
				C1C4FE731945E7D900A58514 /* AVFoundation.framework in Frameworks */,
				C1C4FE711945E7B000A58514 /* Foundation.framework in Frameworks */,
				C1C4FE6F1945E5B500A58514 /* CoreLocation.framework in Frameworks */,
				C1C4FE6C1945E5AF00A58514 /* EventKit.framework in Frameworks */,
				C1C4FE6D1945E5AF00A58514 /* EventKitUI.framework in Frameworks */,
				C1C4FE691945E5A600A58514 /* AdSupport.framework in Frameworks */,
				C1C4FE671945E5A000A58514 /* StoreKit.framework in Frameworks */,
				C1C4FE651945E59000A58514 /* MediaPlayer.framework in Frameworks */,
				C1C4FE631945E58700A58514 /* SystemConfiguration.framework in Frameworks */,
				C1C4FE611945E57400A58514 /* CoreData.framework in Frameworks */,
			);
			runOnlyForDeploymentPostprocessing = 0;
		};
/* End PBXFrameworksBuildPhase section */

/* Begin PBXGroup section */
		832767A91944DD8D0028F888 = {
			isa = PBXGroup;
			children = (
				C1C4FE721945E7D900A58514 /* AVFoundation.framework */,
				C1C4FE701945E7B000A58514 /* Foundation.framework */,
				C1C4FE6E1945E5B500A58514 /* CoreLocation.framework */,
				C1C4FE6A1945E5AF00A58514 /* EventKit.framework */,
				C1C4FE6B1945E5AF00A58514 /* EventKitUI.framework */,
				C1C4FE681945E5A600A58514 /* AdSupport.framework */,
				C1C4FE661945E5A000A58514 /* StoreKit.framework */,
				C1C4FE641945E59000A58514 /* MediaPlayer.framework */,
				C1C4FE621945E58700A58514 /* SystemConfiguration.framework */,
				C1C4FE601945E57400A58514 /* CoreData.framework */,
				832767B41944DD8D0028F888 /* SwiftSKTest */,
				832767CB1944DD8D0028F888 /* SwiftSKTestTests */,
				832767B31944DD8D0028F888 /* Products */,
				C1C4FE5D1945DBE500A58514 /* SwiftSKTest-Bridging-Header.h */,
			);
			sourceTree = "<group>";
		};
		832767B31944DD8D0028F888 /* Products */ = {
			isa = PBXGroup;
			children = (
				832767B21944DD8D0028F888 /* SwiftSKTest.app */,
				832767C81944DD8D0028F888 /* SwiftSKTestTests.xctest */,
			);
			name = Products;
			sourceTree = "<group>";
		};
		832767B41944DD8D0028F888 /* SwiftSKTest */ = {
			isa = PBXGroup;
			children = (
				E17FB6D619BF368700914D13 /* SessionM-SDK */,
				832767B71944DD8D0028F888 /* AppDelegate.swift */,
				832767B91944DD8D0028F888 /* GameScene.sks */,
				832767BB1944DD8D0028F888 /* GameScene.swift */,
				832767BD1944DD8D0028F888 /* GameViewController.swift */,
				832767BF1944DD8D0028F888 /* Main.storyboard */,
				832767C21944DD8D0028F888 /* Images.xcassets */,
				832767B51944DD8D0028F888 /* Supporting Files */,
				8311E0681944FE9A006DFFC9 /* Player.swift */,
				8311E06C19450D2D006DFFC9 /* Projectile.swift */,
				8311E06A1944FFFC006DFFC9 /* ShipWeapon.swift */,
				8311E06E19452B66006DFFC9 /* Background.swift */,
				8311E07019453C23006DFFC9 /* Helpers.swift */,
				C1FDF651194756240031A0A3 /* SMAlertViewCustomAchievement.swift */,
			);
			path = SwiftSKTest;
			sourceTree = "<group>";
		};
		832767B51944DD8D0028F888 /* Supporting Files */ = {
			isa = PBXGroup;
			children = (
				832767B61944DD8D0028F888 /* Info.plist */,
			);
			name = "Supporting Files";
			sourceTree = "<group>";
		};
		832767CB1944DD8D0028F888 /* SwiftSKTestTests */ = {
			isa = PBXGroup;
			children = (
				832767CE1944DD8D0028F888 /* SwiftSKTestTests.swift */,
				832767CC1944DD8D0028F888 /* Supporting Files */,
			);
			path = SwiftSKTestTests;
			sourceTree = "<group>";
		};
		832767CC1944DD8D0028F888 /* Supporting Files */ = {
			isa = PBXGroup;
			children = (
				832767CD1944DD8D0028F888 /* Info.plist */,
			);
			name = "Supporting Files";
			sourceTree = "<group>";
		};
		E17FB6D619BF368700914D13 /* SessionM-SDK */ = {
			isa = PBXGroup;
			children = (
				E17FB6D719BF368700914D13 /* API */,
				E17FB6DD19BF368700914D13 /* Assets */,
				E17FB6E319BF368700914D13 /* libSessionM.1.11.7.a */,
			);
			path = "SessionM-SDK";
			sourceTree = "<group>";
		};
		E17FB6D719BF368700914D13 /* API */ = {
			isa = PBXGroup;
			children = (
				E17FB6D819BF368700914D13 /* SessionM.h */,
				E17FB6D919BF368700914D13 /* SMAchievementData.h */,
				E17FB6DA19BF368700914D13 /* SMActivityViewController.h */,
				E17FB6DB19BF368700914D13 /* SMPortalBarButtonItem.h */,
				E17FB6DC19BF368700914D13 /* SMPortalButton.h */,
			);
			path = API;
			sourceTree = "<group>";
		};
		E17FB6DD19BF368700914D13 /* Assets */ = {
			isa = PBXGroup;
			children = (
				E17FB6DE19BF368700914D13 /* btnSessionM.png */,
				E17FB6DF19BF368700914D13 /* btnSessionM_lg.png */,
				E17FB6E019BF368700914D13 /* GiftBox_20x20.png */,
				E17FB6E119BF368700914D13 /* M_Logo_20x20.png */,
				E17FB6E219BF368700914D13 /* Trophy_20x20.png */,
			);
			path = Assets;
			sourceTree = "<group>";
		};
/* End PBXGroup section */

/* Begin PBXNativeTarget section */
		832767B11944DD8D0028F888 /* SwiftSKTest */ = {
			isa = PBXNativeTarget;
			buildConfigurationList = 832767D21944DD8D0028F888 /* Build configuration list for PBXNativeTarget "SwiftSKTest" */;
			buildPhases = (
				832767AE1944DD8D0028F888 /* Sources */,
				832767AF1944DD8D0028F888 /* Frameworks */,
				832767B01944DD8D0028F888 /* Resources */,
			);
			buildRules = (
			);
			dependencies = (
			);
			name = SwiftSKTest;
			productName = SwiftSKTest;
			productReference = 832767B21944DD8D0028F888 /* SwiftSKTest.app */;
			productType = "com.apple.product-type.application";
		};
		832767C71944DD8D0028F888 /* SwiftSKTestTests */ = {
			isa = PBXNativeTarget;
			buildConfigurationList = 832767D51944DD8D0028F888 /* Build configuration list for PBXNativeTarget "SwiftSKTestTests" */;
			buildPhases = (
				832767C41944DD8D0028F888 /* Sources */,
				832767C51944DD8D0028F888 /* Frameworks */,
				832767C61944DD8D0028F888 /* Resources */,
			);
			buildRules = (
			);
			dependencies = (
				832767CA1944DD8D0028F888 /* PBXTargetDependency */,
			);
			name = SwiftSKTestTests;
			productName = SwiftSKTestTests;
			productReference = 832767C81944DD8D0028F888 /* SwiftSKTestTests.xctest */;
			productType = "com.apple.product-type.bundle.unit-test";
		};
/* End PBXNativeTarget section */

/* Begin PBXProject section */
		832767AA1944DD8D0028F888 /* Project object */ = {
			isa = PBXProject;
			attributes = {
				LastUpgradeCheck = 0600;
				ORGANIZATIONNAME = "Christopher Cooper";
				TargetAttributes = {
					832767B11944DD8D0028F888 = {
						CreatedOnToolsVersion = 6.0;
						DevelopmentTeam = TVQJF33UHP;
					};
					832767C71944DD8D0028F888 = {
						CreatedOnToolsVersion = 6.0;
						TestTargetID = 832767B11944DD8D0028F888;
					};
				};
			};
			buildConfigurationList = 832767AD1944DD8D0028F888 /* Build configuration list for PBXProject "SwiftSKTest" */;
			compatibilityVersion = "Xcode 3.2";
			developmentRegion = English;
			hasScannedForEncodings = 0;
			knownRegions = (
				en,
				Base,
			);
			mainGroup = 832767A91944DD8D0028F888;
			productRefGroup = 832767B31944DD8D0028F888 /* Products */;
			projectDirPath = "";
			projectRoot = "";
			targets = (
				832767B11944DD8D0028F888 /* SwiftSKTest */,
				832767C71944DD8D0028F888 /* SwiftSKTestTests */,
			);
		};
/* End PBXProject section */

/* Begin PBXResourcesBuildPhase section */
		832767B01944DD8D0028F888 /* Resources */ = {
			isa = PBXResourcesBuildPhase;
			buildActionMask = 2147483647;
			files = (
				E17FB6E619BF368700914D13 /* GiftBox_20x20.png in Resources */,
				832767C31944DD8D0028F888 /* Images.xcassets in Resources */,
				832767BA1944DD8D0028F888 /* GameScene.sks in Resources */,
				E17FB6E519BF368700914D13 /* btnSessionM_lg.png in Resources */,
				E17FB6E819BF368700914D13 /* Trophy_20x20.png in Resources */,
				E17FB6E719BF368700914D13 /* M_Logo_20x20.png in Resources */,
				832767C11944DD8D0028F888 /* Main.storyboard in Resources */,
				E17FB6E419BF368700914D13 /* btnSessionM.png in Resources */,
			);
			runOnlyForDeploymentPostprocessing = 0;
		};
		832767C61944DD8D0028F888 /* Resources */ = {
			isa = PBXResourcesBuildPhase;
			buildActionMask = 2147483647;
			files = (
			);
			runOnlyForDeploymentPostprocessing = 0;
		};
/* End PBXResourcesBuildPhase section */

/* Begin PBXSourcesBuildPhase section */
		832767AE1944DD8D0028F888 /* Sources */ = {
			isa = PBXSourcesBuildPhase;
			buildActionMask = 2147483647;
			files = (
				8311E06D19450D2D006DFFC9 /* Projectile.swift in Sources */,
				8311E06F19452B66006DFFC9 /* Background.swift in Sources */,
				8311E0691944FE9A006DFFC9 /* Player.swift in Sources */,
				8311E07119453C23006DFFC9 /* Helpers.swift in Sources */,
				832767BC1944DD8D0028F888 /* GameScene.swift in Sources */,
				832767BE1944DD8D0028F888 /* GameViewController.swift in Sources */,
				832767B81944DD8D0028F888 /* AppDelegate.swift in Sources */,
				C1FDF652194756240031A0A3 /* SMAlertViewCustomAchievement.swift in Sources */,
				8311E06B1944FFFC006DFFC9 /* ShipWeapon.swift in Sources */,
			);
			runOnlyForDeploymentPostprocessing = 0;
		};
		832767C41944DD8D0028F888 /* Sources */ = {
			isa = PBXSourcesBuildPhase;
			buildActionMask = 2147483647;
			files = (
				832767CF1944DD8D0028F888 /* SwiftSKTestTests.swift in Sources */,
			);
			runOnlyForDeploymentPostprocessing = 0;
		};
/* End PBXSourcesBuildPhase section */

/* Begin PBXTargetDependency section */
		832767CA1944DD8D0028F888 /* PBXTargetDependency */ = {
			isa = PBXTargetDependency;
			target = 832767B11944DD8D0028F888 /* SwiftSKTest */;
			targetProxy = 832767C91944DD8D0028F888 /* PBXContainerItemProxy */;
		};
/* End PBXTargetDependency section */

/* Begin PBXVariantGroup section */
		832767BF1944DD8D0028F888 /* Main.storyboard */ = {
			isa = PBXVariantGroup;
			children = (
				832767C01944DD8D0028F888 /* Base */,
			);
			name = Main.storyboard;
			sourceTree = "<group>";
		};
/* End PBXVariantGroup section */

/* Begin XCBuildConfiguration section */
		832767D01944DD8D0028F888 /* Debug */ = {
			isa = XCBuildConfiguration;
			buildSettings = {
				ALWAYS_SEARCH_USER_PATHS = NO;
				CLANG_CXX_LANGUAGE_STANDARD = "gnu++0x";
				CLANG_CXX_LIBRARY = "libc++";
				CLANG_ENABLE_MODULES = YES;
				CLANG_ENABLE_OBJC_ARC = YES;
				CLANG_WARN_BOOL_CONVERSION = YES;
				CLANG_WARN_CONSTANT_CONVERSION = YES;
				CLANG_WARN_DIRECT_OBJC_ISA_USAGE = YES_ERROR;
				CLANG_WARN_EMPTY_BODY = YES;
				CLANG_WARN_ENUM_CONVERSION = YES;
				CLANG_WARN_INT_CONVERSION = YES;
				CLANG_WARN_OBJC_ROOT_CLASS = YES_ERROR;
				CLANG_WARN_UNREACHABLE_CODE = YES;
				CLANG_WARN__DUPLICATE_METHOD_MATCH = YES;
				"CODE_SIGN_IDENTITY[sdk=iphoneos*]" = "iPhone Developer";
				COPY_PHASE_STRIP = NO;
				ENABLE_STRICT_OBJC_MSGSEND = YES;
				GCC_C_LANGUAGE_STANDARD = gnu99;
				GCC_DYNAMIC_NO_PIC = NO;
				GCC_OPTIMIZATION_LEVEL = 0;
				GCC_PREPROCESSOR_DEFINITIONS = (
					"DEBUG=1",
					"$(inherited)",
				);
				GCC_SYMBOLS_PRIVATE_EXTERN = NO;
				GCC_WARN_64_TO_32_BIT_CONVERSION = YES;
				GCC_WARN_ABOUT_RETURN_TYPE = YES_ERROR;
				GCC_WARN_UNDECLARED_SELECTOR = YES;
				GCC_WARN_UNINITIALIZED_AUTOS = YES_AGGRESSIVE;
				GCC_WARN_UNUSED_FUNCTION = YES;
				GCC_WARN_UNUSED_VARIABLE = YES;
				IPHONEOS_DEPLOYMENT_TARGET = 8.0;
				METAL_ENABLE_DEBUG_INFO = YES;
				ONLY_ACTIVE_ARCH = YES;
				SDKROOT = iphoneos;
				SWIFT_OPTIMIZATION_LEVEL = "-Onone";
				TARGETED_DEVICE_FAMILY = "1,2";
			};
			name = Debug;
		};
		832767D11944DD8D0028F888 /* Release */ = {
			isa = XCBuildConfiguration;
			buildSettings = {
				ALWAYS_SEARCH_USER_PATHS = NO;
				CLANG_CXX_LANGUAGE_STANDARD = "gnu++0x";
				CLANG_CXX_LIBRARY = "libc++";
				CLANG_ENABLE_MODULES = YES;
				CLANG_ENABLE_OBJC_ARC = YES;
				CLANG_WARN_BOOL_CONVERSION = YES;
				CLANG_WARN_CONSTANT_CONVERSION = YES;
				CLANG_WARN_DIRECT_OBJC_ISA_USAGE = YES_ERROR;
				CLANG_WARN_EMPTY_BODY = YES;
				CLANG_WARN_ENUM_CONVERSION = YES;
				CLANG_WARN_INT_CONVERSION = YES;
				CLANG_WARN_OBJC_ROOT_CLASS = YES_ERROR;
				CLANG_WARN_UNREACHABLE_CODE = YES;
				CLANG_WARN__DUPLICATE_METHOD_MATCH = YES;
				"CODE_SIGN_IDENTITY[sdk=iphoneos*]" = "iPhone Developer";
				COPY_PHASE_STRIP = YES;
				ENABLE_NS_ASSERTIONS = NO;
				ENABLE_STRICT_OBJC_MSGSEND = YES;
				GCC_C_LANGUAGE_STANDARD = gnu99;
				GCC_WARN_64_TO_32_BIT_CONVERSION = YES;
				GCC_WARN_ABOUT_RETURN_TYPE = YES_ERROR;
				GCC_WARN_UNDECLARED_SELECTOR = YES;
				GCC_WARN_UNINITIALIZED_AUTOS = YES_AGGRESSIVE;
				GCC_WARN_UNUSED_FUNCTION = YES;
				GCC_WARN_UNUSED_VARIABLE = YES;
				IPHONEOS_DEPLOYMENT_TARGET = 8.0;
				METAL_ENABLE_DEBUG_INFO = NO;
				SDKROOT = iphoneos;
				TARGETED_DEVICE_FAMILY = "1,2";
				VALIDATE_PRODUCT = YES;
			};
			name = Release;
		};
		832767D31944DD8D0028F888 /* Debug */ = {
			isa = XCBuildConfiguration;
			buildSettings = {
				ASSETCATALOG_COMPILER_APPICON_NAME = AppIcon;
				ASSETCATALOG_COMPILER_LAUNCHIMAGE_NAME = LaunchImage;
				CLANG_ENABLE_MODULES = YES;
				CODE_SIGN_IDENTITY = "iPhone Developer";
				"CODE_SIGN_IDENTITY[sdk=iphoneos*]" = "iPhone Developer";
				INFOPLIST_FILE = SwiftSKTest/Info.plist;
				IPHONEOS_DEPLOYMENT_TARGET = 8.0;
				LD_RUNPATH_SEARCH_PATHS = "$(inherited) @executable_path/Frameworks";
				LIBRARY_SEARCH_PATHS = (
					"$(inherited)",
					"/Users/ccooper/Downloads/SessionM_iOS_v1.11.3_Release/SessionM-SDK",
					"/Users/Chris/Downloads/SessionM_iOS_v1.11.3_Release/SessionM-SDK",
					"$(PROJECT_DIR)/SwiftSKTest/SessionM-SDK",
				);
				PRODUCT_NAME = "$(TARGET_NAME)";
				PROVISIONING_PROFILE = "";
				SWIFT_OBJC_BRIDGING_HEADER = "SwiftSKTest-Bridging-Header.h";
				SWIFT_OPTIMIZATION_LEVEL = "-Onone";
			};
			name = Debug;
		};
		832767D41944DD8D0028F888 /* Release */ = {
			isa = XCBuildConfiguration;
			buildSettings = {
				ASSETCATALOG_COMPILER_APPICON_NAME = AppIcon;
				ASSETCATALOG_COMPILER_LAUNCHIMAGE_NAME = LaunchImage;
				CLANG_ENABLE_MODULES = YES;
				CODE_SIGN_IDENTITY = "iPhone Developer";
				"CODE_SIGN_IDENTITY[sdk=iphoneos*]" = "iPhone Developer";
				INFOPLIST_FILE = SwiftSKTest/Info.plist;
				IPHONEOS_DEPLOYMENT_TARGET = 8.0;
				LD_RUNPATH_SEARCH_PATHS = "$(inherited) @executable_path/Frameworks";
				LIBRARY_SEARCH_PATHS = (
					"$(inherited)",
					"/Users/ccooper/Downloads/SessionM_iOS_v1.11.3_Release/SessionM-SDK",
					"/Users/Chris/Downloads/SessionM_iOS_v1.11.3_Release/SessionM-SDK",
					"$(PROJECT_DIR)/SwiftSKTest/SessionM-SDK",
				);
				PRODUCT_NAME = "$(TARGET_NAME)";
				PROVISIONING_PROFILE = "";
				SWIFT_OBJC_BRIDGING_HEADER = "SwiftSKTest-Bridging-Header.h";
			};
			name = Release;
		};
		832767D61944DD8D0028F888 /* Debug */ = {
			isa = XCBuildConfiguration;
			buildSettings = {
				BUNDLE_LOADER = "$(BUILT_PRODUCTS_DIR)/SwiftSKTest.app/SwiftSKTest";
				DEFINES_MODULE = NO;
				FRAMEWORK_SEARCH_PATHS = (
					"$(SDKROOT)/Developer/Library/Frameworks",
					"$(inherited)",
				);
				GCC_PREPROCESSOR_DEFINITIONS = (
					"DEBUG=1",
					"$(inherited)",
				);
				INFOPLIST_FILE = SwiftSKTestTests/Info.plist;
				IPHONEOS_DEPLOYMENT_TARGET = 8.0;
				LD_RUNPATH_SEARCH_PATHS = "$(inherited) @executable_path/Frameworks @loader_path/Frameworks";
				LIBRARY_SEARCH_PATHS = "$(inherited)";
				METAL_ENABLE_DEBUG_INFO = YES;
				PRODUCT_MODULE_NAME = SwiftSKTest;
				PRODUCT_NAME = "$(TARGET_NAME)";
				SWIFT_INCLUDE_PATHS = "";
				"SWIFT_OBJC_BRIDGING_HEADER[arch=*]" = "";
				TEST_HOST = "$(BUNDLE_LOADER)";
			};
			name = Debug;
		};
		832767D71944DD8D0028F888 /* Release */ = {
			isa = XCBuildConfiguration;
			buildSettings = {
				BUNDLE_LOADER = "$(BUILT_PRODUCTS_DIR)/SwiftSKTest.app/SwiftSKTest";
				DEFINES_MODULE = NO;
				FRAMEWORK_SEARCH_PATHS = (
					"$(SDKROOT)/Developer/Library/Frameworks",
					"$(inherited)",
				);
				INFOPLIST_FILE = SwiftSKTestTests/Info.plist;
				IPHONEOS_DEPLOYMENT_TARGET = 8.0;
				LD_RUNPATH_SEARCH_PATHS = "$(inherited) @executable_path/Frameworks @loader_path/Frameworks";
				LIBRARY_SEARCH_PATHS = "$(inherited)";
				METAL_ENABLE_DEBUG_INFO = NO;
				PRODUCT_MODULE_NAME = SwiftSKTest;
				PRODUCT_NAME = "$(TARGET_NAME)";
				SWIFT_INCLUDE_PATHS = "";
				"SWIFT_OBJC_BRIDGING_HEADER[arch=*]" = "";
				TEST_HOST = "$(BUNDLE_LOADER)";
			};
			name = Release;
		};
/* End XCBuildConfiguration section */

/* Begin XCConfigurationList section */
		832767AD1944DD8D0028F888 /* Build configuration list for PBXProject "SwiftSKTest" */ = {
			isa = XCConfigurationList;
			buildConfigurations = (
				832767D01944DD8D0028F888 /* Debug */,
				832767D11944DD8D0028F888 /* Release */,
			);
			defaultConfigurationIsVisible = 0;
			defaultConfigurationName = Release;
		};
		832767D21944DD8D0028F888 /* Build configuration list for PBXNativeTarget "SwiftSKTest" */ = {
			isa = XCConfigurationList;
			buildConfigurations = (
				832767D31944DD8D0028F888 /* Debug */,
				832767D41944DD8D0028F888 /* Release */,
			);
			defaultConfigurationIsVisible = 0;
			defaultConfigurationName = Release;
		};
		832767D51944DD8D0028F888 /* Build configuration list for PBXNativeTarget "SwiftSKTestTests" */ = {
			isa = XCConfigurationList;
			buildConfigurations = (
				832767D61944DD8D0028F888 /* Debug */,
				832767D71944DD8D0028F888 /* Release */,
			);
			defaultConfigurationIsVisible = 0;
			defaultConfigurationName = Release;
		};
/* End XCConfigurationList section */
	};
	rootObject = 832767AA1944DD8D0028F888 /* Project object */;
}
